
Microsoft Visual Studio Solution File, Format Version 12.00
# Visual Studio 15
Project("{FAE04EC0-301F-11D3-BF4B-00C04F79EFBC}") = "Assembly-CSharp", "Assembly-CSharp.csproj", "{56486B76-3AD2-3F47-F35D-25609939A6B0}"
EndProject
Project("{FAE04EC0-301F-11D3-BF4B-00C04F79EFBC}") = "Assembly-CSharp-Editor", "Assembly-CSharp-Editor.csproj", "{DC813F0B-DD05-410A-845D-7EFD78219B40}"
EndProject
Global
	GlobalSection(SolutionConfigurationPlatforms) = preSolution
		Debug|Any CPU = Debug|Any CPU
		Release|Any CPU = Release|Any CPU
	EndGlobalSection
	GlobalSection(ProjectConfigurationPlatforms) = postSolution
		{56486B76-3AD2-3F47-F35D-25609939A6B0}.Debug|Any CPU.ActiveCfg = Debug|Any CPU
		{56486B76-3AD2-3F47-F35D-25609939A6B0}.Debug|Any CPU.Build.0 = Debug|Any CPU
		{56486B76-3AD2-3F47-F35D-25609939A6B0}.Release|Any CPU.ActiveCfg = Release|Any CPU
		{56486B76-3AD2-3F47-F35D-25609939A6B0}.Release|Any CPU.Build.0 = Release|Any CPU
		{DC813F0B-DD05-410A-845D-7EFD78219B40}.Debug|Any CPU.ActiveCfg = Debug|Any CPU
		{DC813F0B-DD05-410A-845D-7EFD78219B40}.Debug|Any CPU.Build.0 = Debug|Any CPU
		{DC813F0B-DD05-410A-845D-7EFD78219B40}.Release|Any CPU.ActiveCfg = Release|Any CPU
		{DC813F0B-DD05-410A-845D-7EFD78219B40}.Release|Any CPU.Build.0 = Release|Any CPU
	EndGlobalSection
	GlobalSection(SolutionProperties) = preSolution
		HideSolutionNode = FALSE
	EndGlobalSection
EndGlobal
